
Microsoft Visual Studio Solution File, Format Version 12.00
# Visual Studio Version 16
VisualStudioVersion = 16.0.30611.23
MinimumVisualStudioVersion = 10.0.40219.1
Project("{FAE04EC0-301F-11D3-BF4B-00C04F79EFBC}") = "CrudEntityFramework", "CrudEntityFramework\CrudEntityFramework.csproj", "{8D6744BF-685B-4DD0-9D28-7AFB00C24455}"
EndProject
Global
	GlobalSection(SolutionConfigurationPlatforms) = preSolution
		Debug|Any CPU = Debug|Any CPU
		Release|Any CPU = Release|Any CPU
	EndGlobalSection
	GlobalSection(ProjectConfigurationPlatforms) = postSolution
		{8D6744BF-685B-4DD0-9D28-7AFB00C24455}.Debug|Any CPU.ActiveCfg = Debug|Any CPU
		{8D6744BF-685B-4DD0-9D28-7AFB00C24455}.Debug|Any CPU.Build.0 = Debug|Any CPU
		{8D6744BF-685B-4DD0-9D28-7AFB00C24455}.Release|Any CPU.ActiveCfg = Release|Any CPU
		{8D6744BF-685B-4DD0-9D28-7AFB00C24455}.Release|Any CPU.Build.0 = Release|Any CPU
	EndGlobalSection
	GlobalSection(SolutionProperties) = preSolution
		HideSolutionNode = FALSE
	EndGlobalSection
	GlobalSection(ExtensibilityGlobals) = postSolution
		SolutionGuid = {2CA45789-232A-464F-960F-6238C228EE5F}
	EndGlobalSection
EndGlobal
